
Microsoft Visual Studio Solution File, Format Version 12.00
# Visual Studio Version 17
VisualStudioVersion = 17.14.36221.1 d17.14
MinimumVisualStudioVersion = 10.0.40219.1
Project("{FAE04EC0-301F-11D3-BF4B-00C04F79EFBC}") = "RepeticaoWhile", "RepeticaoWhile\RepeticaoWhile.csproj", "{BC4ABFE2-026A-4CDA-B168-4DE748F12701}"
EndProject
Global
	GlobalSection(SolutionConfigurationPlatforms) = preSolution
		Debug|Any CPU = Debug|Any CPU
		Release|Any CPU = Release|Any CPU
	EndGlobalSection
	GlobalSection(ProjectConfigurationPlatforms) = postSolution
		{BC4ABFE2-026A-4CDA-B168-4DE748F12701}.Debug|Any CPU.ActiveCfg = Debug|Any CPU
		{BC4ABFE2-026A-4CDA-B168-4DE748F12701}.Debug|Any CPU.Build.0 = Debug|Any CPU
		{BC4ABFE2-026A-4CDA-B168-4DE748F12701}.Release|Any CPU.ActiveCfg = Release|Any CPU
		{BC4ABFE2-026A-4CDA-B168-4DE748F12701}.Release|Any CPU.Build.0 = Release|Any CPU
	EndGlobalSection
	GlobalSection(SolutionProperties) = preSolution
		HideSolutionNode = FALSE
	EndGlobalSection
	GlobalSection(ExtensibilityGlobals) = postSolution
		SolutionGuid = {834225D8-DD5A-4167-A05E-1E246C45ACCE}
	EndGlobalSection
EndGlobal
