
Microsoft Visual Studio Solution File, Format Version 12.00
# Visual Studio Version 17
VisualStudioVersion = 17.14.36221.1 d17.14
MinimumVisualStudioVersion = 10.0.40219.1
Project("{FAE04EC0-301F-11D3-BF4B-00C04F79EFBC}") = "Agenda", "Agenda\Agenda.csproj", "{56568B17-A7E7-46A5-B1D9-EEB72872774E}"
EndProject
Global
	GlobalSection(SolutionConfigurationPlatforms) = preSolution
		Debug|Any CPU = Debug|Any CPU
		Release|Any CPU = Release|Any CPU
	EndGlobalSection
	GlobalSection(ProjectConfigurationPlatforms) = postSolution
		{56568B17-A7E7-46A5-B1D9-EEB72872774E}.Debug|Any CPU.ActiveCfg = Debug|Any CPU
		{56568B17-A7E7-46A5-B1D9-EEB72872774E}.Debug|Any CPU.Build.0 = Debug|Any CPU
		{56568B17-A7E7-46A5-B1D9-EEB72872774E}.Release|Any CPU.ActiveCfg = Release|Any CPU
		{56568B17-A7E7-46A5-B1D9-EEB72872774E}.Release|Any CPU.Build.0 = Release|Any CPU
	EndGlobalSection
	GlobalSection(SolutionProperties) = preSolution
		HideSolutionNode = FALSE
	EndGlobalSection
	GlobalSection(ExtensibilityGlobals) = postSolution
		SolutionGuid = {A79CAA88-22F9-40C9-A337-CCBB45C4299F}
	EndGlobalSection
EndGlobal
